PODS:
  - Flutter (1.0.0)
  - flutter_opengl_es (0.0.1):
    - Flutter

DEPENDENCIES:
  - Flutter (from `Flutter`)
  - flutter_opengl_es (from `.symlinks/plugins/flutter_opengl_es/ios`)

EXTERNAL SOURCES:
  Flutter:
    :path: Flutter
  flutter_opengl_es:
    :path: ".symlinks/plugins/flutter_opengl_es/ios"

SPEC CHECKSUMS:
  Flutter: f04841e97a9d0b0a8025694d0796dd46242b2854
  flutter_opengl_es: 4fb9e1755771794a33ab6a38c40c67b29b638e42

PODFILE CHECKSUM: 663715e941f9adb426e33bf9376914006f9ea95b

COCOAPODS: 1.11.3
